# This file is automatically @generated by Cargo.
# It is not intended for manual editing.
version = 3

[[package]]
name = "anyhow"
version = "1.0.70"
source = "registry+https://github.com/rust-lang/crates.io-index"
checksum = "7de8ce5e0f9f8d88245311066a578d72b7af3e7088f32783804676302df237e4"

[[package]]
name = "argsplitter"
version = "0.4.0"
source = "registry+https://github.com/rust-lang/crates.io-index"
checksum = "3fb4005cd28db2dbf6838b4efaa677791eb41d45929bfbbd145ea8b7023841e5"

[[package]]
name = "box_drawing"
version = "0.1.2"
source = "registry+https://github.com/rust-lang/crates.io-index"
checksum = "ea27d8d5fd867b17523bf6788b1175fa9867f34669d057e9adaf76e27bcea44b"

[[package]]
name = "either"
version = "1.8.1"
source = "registry+https://github.com/rust-lang/crates.io-index"
checksum = "7fcaabb2fef8c910e7f4c7ce9f67a1283a1715879a7c230ca9d6d1ae31f16d91"

[[package]]
name = "itertools"
version = "0.10.5"
source = "registry+https://github.com/rust-lang/crates.io-index"
checksum = "b0fd2260e829bddf4cb6ea802289de2f86d6a7a690192fbe91b3f46e0f2c8473"
dependencies = [
 "either",
]

[[package]]
name = "monetproxy"
version = "0.1.0"
dependencies = [
 "anyhow",
 "argsplitter",
 "box_drawing",
 "itertools",
]
